
Microsoft Visual Studio Solution File, Format Version 12.00
# Visual Studio 15
Project("{FAE04EC0-301F-11D3-BF4B-00C04F79EFBC}") = "Assembly-CSharp", "Assembly-CSharp.csproj", "{34D8EBE8-0895-E73F-36B9-6B7F011AA638}"
EndProject
Project("{FAE04EC0-301F-11D3-BF4B-00C04F79EFBC}") = "Assembly-CSharp-firstpass", "Assembly-CSharp-firstpass.csproj", "{5D9F8868-6F7E-643B-25D9-CB8EA60A3368}"
EndProject
Project("{FAE04EC0-301F-11D3-BF4B-00C04F79EFBC}") = "Assembly-CSharp-Editor", "Assembly-CSharp-Editor.csproj", "{A0D3939D-C1C5-32A4-B114-28F3E51713C6}"
EndProject
Global
	GlobalSection(SolutionConfigurationPlatforms) = preSolution
		Debug|Any CPU = Debug|Any CPU
		Release|Any CPU = Release|Any CPU
	EndGlobalSection
	GlobalSection(ProjectConfigurationPlatforms) = postSolution
		{34D8EBE8-0895-E73F-36B9-6B7F011AA638}.Debug|Any CPU.ActiveCfg = Debug|Any CPU
		{34D8EBE8-0895-E73F-36B9-6B7F011AA638}.Debug|Any CPU.Build.0 = Debug|Any CPU
		{34D8EBE8-0895-E73F-36B9-6B7F011AA638}.Release|Any CPU.ActiveCfg = Release|Any CPU
		{34D8EBE8-0895-E73F-36B9-6B7F011AA638}.Release|Any CPU.Build.0 = Release|Any CPU
		{5D9F8868-6F7E-643B-25D9-CB8EA60A3368}.Debug|Any CPU.ActiveCfg = Debug|Any CPU
		{5D9F8868-6F7E-643B-25D9-CB8EA60A3368}.Debug|Any CPU.Build.0 = Debug|Any CPU
		{5D9F8868-6F7E-643B-25D9-CB8EA60A3368}.Release|Any CPU.ActiveCfg = Release|Any CPU
		{5D9F8868-6F7E-643B-25D9-CB8EA60A3368}.Release|Any CPU.Build.0 = Release|Any CPU
		{A0D3939D-C1C5-32A4-B114-28F3E51713C6}.Debug|Any CPU.ActiveCfg = Debug|Any CPU
		{A0D3939D-C1C5-32A4-B114-28F3E51713C6}.Debug|Any CPU.Build.0 = Debug|Any CPU
		{A0D3939D-C1C5-32A4-B114-28F3E51713C6}.Release|Any CPU.ActiveCfg = Release|Any CPU
		{A0D3939D-C1C5-32A4-B114-28F3E51713C6}.Release|Any CPU.Build.0 = Release|Any CPU
	EndGlobalSection
	GlobalSection(SolutionProperties) = preSolution
		HideSolutionNode = FALSE
	EndGlobalSection
EndGlobal
